// !$*UTF8*$!
{
	archiveVersion = 1;
	classes = {
	};
	objectVersion = 46;
	objects = {

/* Begin PBXBuildFile section */
		DD6816A4198033D900DF748F /* Foundation.framework in Frameworks */ = {isa = PBXBuildFile; fileRef = DD6816A3198033D900DF748F /* Foundation.framework */; };
		DD6816A6198033D900DF748F /* CoreGraphics.framework in Frameworks */ = {isa = PBXBuildFile; fileRef = DD6816A5198033D900DF748F /* CoreGraphics.framework */; };
		DD6816A8198033D900DF748F /* UIKit.framework in Frameworks */ = {isa = PBXBuildFile; fileRef = DD6816A7198033D900DF748F /* UIKit.framework */; };
		DD6816AE198033D900DF748F /* InfoPlist.strings in Resources */ = {isa = PBXBuildFile; fileRef = DD6816AC198033D900DF748F /* InfoPlist.strings */; };
		DD6816B0198033D900DF748F /* main.m in Sources */ = {isa = PBXBuildFile; fileRef = DD6816AF198033D900DF748F /* main.m */; };
		DD6816B4198033D900DF748F /* AppDelegate.m in Sources */ = {isa = PBXBuildFile; fileRef = DD6816B3198033D900DF748F /* AppDelegate.m */; };
		DD6816B7198033D900DF748F /* Main.storyboard in Resources */ = {isa = PBXBuildFile; fileRef = DD6816B5198033D900DF748F /* Main.storyboard */; };
		DD6816BA198033D900DF748F /* ViewController.m in Sources */ = {isa = PBXBuildFile; fileRef = DD6816B9198033D900DF748F /* ViewController.m */; };
		DD6816BC198033D900DF748F /* Images.xcassets in Resources */ = {isa = PBXBuildFile; fileRef = DD6816BB198033D900DF748F /* Images.xcassets */; };
		DD6816C3198033D900DF748F /* XCTest.framework in Frameworks */ = {isa = PBXBuildFile; fileRef = DD6816C2198033D900DF748F /* XCTest.framework */; };
		DD6816C4198033D900DF748F /* Foundation.framework in Frameworks */ = {isa = PBXBuildFile; fileRef = DD6816A3198033D900DF748F /* Foundation.framework */; };
		DD6816C5198033D900DF748F /* UIKit.framework in Frameworks */ = {isa = PBXBuildFile; fileRef = DD6816A7198033D900DF748F /* UIKit.framework */; };
		DD6816CD198033D900DF748F /* InfoPlist.strings in Resources */ = {isa = PBXBuildFile; fileRef = DD6816CB198033D900DF748F /* InfoPlist.strings */; };
		DD6816CF198033D900DF748F /* MySafariTests.m in Sources */ = {isa = PBXBuildFile; fileRef = DD6816CE198033D900DF748F /* MySafariTests.m */; };
/* End PBXBuildFile section */

/* Begin PBXContainerItemProxy section */
		DD6816C6198033D900DF748F /* PBXContainerItemProxy */ = {
			isa = PBXContainerItemProxy;
			containerPortal = DD681698198033D900DF748F /* Project object */;
			proxyType = 1;
			remoteGlobalIDString = DD68169F198033D900DF748F;
			remoteInfo = MySafari;
		};
/* End PBXContainerItemProxy section */

/* Begin PBXFileReference section */
		DD6816A0198033D900DF748F /* MySafari.app */ = {isa = PBXFileReference; explicitFileType = wrapper.application; includeInIndex = 0; path = MySafari.app; sourceTree = BUILT_PRODUCTS_DIR; };
		DD6816A3198033D900DF748F /* Foundation.framework */ = {isa = PBXFileReference; lastKnownFileType = wrapper.framework; name = Foundation.framework; path = System/Library/Frameworks/Foundation.framework; sourceTree = SDKROOT; };
		DD6816A5198033D900DF748F /* CoreGraphics.framework */ = {isa = PBXFileReference; lastKnownFileType = wrapper.framework; name = CoreGraphics.framework; path = System/Library/Frameworks/CoreGraphics.framework; sourceTree = SDKROOT; };
		DD6816A7198033D900DF748F /* UIKit.framework */ = {isa = PBXFileReference; lastKnownFileType = wrapper.framework; name = UIKit.framework; path = System/Library/Frameworks/UIKit.framework; sourceTree = SDKROOT; };
		DD6816AB198033D900DF748F /* MySafari-Info.plist */ = {isa = PBXFileReference; lastKnownFileType = text.plist.xml; path = "MySafari-Info.plist"; sourceTree = "<group>"; };
		DD6816AD198033D900DF748F /* en */ = {isa = PBXFileReference; lastKnownFileType = text.plist.strings; name = en; path = en.lproj/InfoPlist.strings; sourceTree = "<group>"; };
		DD6816AF198033D900DF748F /* main.m */ = {isa = PBXFileReference; lastKnownFileType = sourcecode.c.objc; path = main.m; sourceTree = "<group>"; };
		DD6816B1198033D900DF748F /* MySafari-Prefix.pch */ = {isa = PBXFileReference; lastKnownFileType = sourcecode.c.h; path = "MySafari-Prefix.pch"; sourceTree = "<group>"; };
		DD6816B2198033D900DF748F /* AppDelegate.h */ = {isa = PBXFileReference; lastKnownFileType = sourcecode.c.h; path = AppDelegate.h; sourceTree = "<group>"; };
		DD6816B3198033D900DF748F /* AppDelegate.m */ = {isa = PBXFileReference; lastKnownFileType = sourcecode.c.objc; path = AppDelegate.m; sourceTree = "<group>"; };
		DD6816B6198033D900DF748F /* Base */ = {isa = PBXFileReference; lastKnownFileType = file.storyboard; name = Base; path = Base.lproj/Main.storyboard; sourceTree = "<group>"; };
		DD6816B8198033D900DF748F /* ViewController.h */ = {isa = PBXFileReference; lastKnownFileType = sourcecode.c.h; path = ViewController.h; sourceTree = "<group>"; };
		DD6816B9198033D900DF748F /* ViewController.m */ = {isa = PBXFileReference; lastKnownFileType = sourcecode.c.objc; path = ViewController.m; sourceTree = "<group>"; };
		DD6816BB198033D900DF748F /* Images.xcassets */ = {isa = PBXFileReference; lastKnownFileType = folder.assetcatalog; path = Images.xcassets; sourceTree = "<group>"; };
		DD6816C1198033D900DF748F /* MySafariTests.xctest */ = {isa = PBXFileReference; explicitFileType = wrapper.cfbundle; includeInIndex = 0; path = MySafariTests.xctest; sourceTree = BUILT_PRODUCTS_DIR; };
		DD6816C2198033D900DF748F /* XCTest.framework */ = {isa = PBXFileReference; lastKnownFileType = wrapper.framework; name = XCTest.framework; path = Library/Frameworks/XCTest.framework; sourceTree = DEVELOPER_DIR; };
		DD6816CA198033D900DF748F /* MySafariTests-Info.plist */ = {isa = PBXFileReference; lastKnownFileType = text.plist.xml; path = "MySafariTests-Info.plist"; sourceTree = "<group>"; };
		DD6816CC198033D900DF748F /* en */ = {isa = PBXFileReference; lastKnownFileType = text.plist.strings; name = en; path = en.lproj/InfoPlist.strings; sourceTree = "<group>"; };
		DD6816CE198033D900DF748F /* MySafariTests.m */ = {isa = PBXFileReference; lastKnownFileType = sourcecode.c.objc; path = MySafariTests.m; sourceTree = "<group>"; };
/* End PBXFileReference section */

/* Begin PBXFrameworksBuildPhase section */
		DD68169D198033D900DF748F /* Frameworks */ = {
			isa = PBXFrameworksBuildPhase;
			buildActionMask = 2147483647;
			files = (
				DD6816A6198033D900DF748F /* CoreGraphics.framework in Frameworks */,
				DD6816A8198033D900DF748F /* UIKit.framework in Frameworks */,
				DD6816A4198033D900DF748F /* Foundation.framework in Frameworks */,
			);
			runOnlyForDeploymentPostprocessing = 0;
		};
		DD6816BE198033D900DF748F /* Frameworks */ = {
			isa = PBXFrameworksBuildPhase;
			buildActionMask = 2147483647;
			files = (
				DD6816C3198033D900DF748F /* XCTest.framework in Frameworks */,
				DD6816C5198033D900DF748F /* UIKit.framework in Frameworks */,
				DD6816C4198033D900DF748F /* Foundation.framework in Frameworks */,
			);
			runOnlyForDeploymentPostprocessing = 0;
		};
/* End PBXFrameworksBuildPhase section */

/* Begin PBXGroup section */
		DD681697198033D900DF748F = {
			isa = PBXGroup;
			children = (
				DD6816A9198033D900DF748F /* MySafari */,
				DD6816C8198033D900DF748F /* MySafariTests */,
				DD6816A2198033D900DF748F /* Frameworks */,
				DD6816A1198033D900DF748F /* Products */,
			);
			sourceTree = "<group>";
		};
		DD6816A1198033D900DF748F /* Products */ = {
			isa = PBXGroup;
			children = (
				DD6816A0198033D900DF748F /* MySafari.app */,
				DD6816C1198033D900DF748F /* MySafariTests.xctest */,
			);
			name = Products;
			sourceTree = "<group>";
		};
		DD6816A2198033D900DF748F /* Frameworks */ = {
			isa = PBXGroup;
			children = (
				DD6816A3198033D900DF748F /* Foundation.framework */,
				DD6816A5198033D900DF748F /* CoreGraphics.framework */,
				DD6816A7198033D900DF748F /* UIKit.framework */,
				DD6816C2198033D900DF748F /* XCTest.framework */,
			);
			name = Frameworks;
			sourceTree = "<group>";
		};
		DD6816A9198033D900DF748F /* MySafari */ = {
			isa = PBXGroup;
			children = (
				DD6816B2198033D900DF748F /* AppDelegate.h */,
				DD6816B3198033D900DF748F /* AppDelegate.m */,
				DD6816B5198033D900DF748F /* Main.storyboard */,
				DD6816B8198033D900DF748F /* ViewController.h */,
				DD6816B9198033D900DF748F /* ViewController.m */,
				DD6816BB198033D900DF748F /* Images.xcassets */,
				DD6816AA198033D900DF748F /* Supporting Files */,
			);
			path = MySafari;
			sourceTree = "<group>";
		};
		DD6816AA198033D900DF748F /* Supporting Files */ = {
			isa = PBXGroup;
			children = (
				DD6816AB198033D900DF748F /* MySafari-Info.plist */,
				DD6816AC198033D900DF748F /* InfoPlist.strings */,
				DD6816AF198033D900DF748F /* main.m */,
				DD6816B1198033D900DF748F /* MySafari-Prefix.pch */,
			);
			name = "Supporting Files";
			sourceTree = "<group>";
		};
		DD6816C8198033D900DF748F /* MySafariTests */ = {
			isa = PBXGroup;
			children = (
				DD6816CE198033D900DF748F /* MySafariTests.m */,
				DD6816C9198033D900DF748F /* Supporting Files */,
			);
			path = MySafariTests;
			sourceTree = "<group>";
		};
		DD6816C9198033D900DF748F /* Supporting Files */ = {
			isa = PBXGroup;
			children = (
				DD6816CA198033D900DF748F /* MySafariTests-Info.plist */,
				DD6816CB198033D900DF748F /* InfoPlist.strings */,
			);
			name = "Supporting Files";
			sourceTree = "<group>";
		};
/* End PBXGroup section */

/* Begin PBXNativeTarget section */
		DD68169F198033D900DF748F /* MySafari */ = {
			isa = PBXNativeTarget;
			buildConfigurationList = DD6816D2198033D900DF748F /* Build configuration list for PBXNativeTarget "MySafari" */;
			buildPhases = (
				DD68169C198033D900DF748F /* Sources */,
				DD68169D198033D900DF748F /* Frameworks */,
				DD68169E198033D900DF748F /* Resources */,
			);
			buildRules = (
			);
			dependencies = (
			);
			name = MySafari;
			productName = MySafari;
			productReference = DD6816A0198033D900DF748F /* MySafari.app */;
			productType = "com.apple.product-type.application";
		};
		DD6816C0198033D900DF748F /* MySafariTests */ = {
			isa = PBXNativeTarget;
			buildConfigurationList = DD6816D5198033D900DF748F /* Build configuration list for PBXNativeTarget "MySafariTests" */;
			buildPhases = (
				DD6816BD198033D900DF748F /* Sources */,
				DD6816BE198033D900DF748F /* Frameworks */,
				DD6816BF198033D900DF748F /* Resources */,
			);
			buildRules = (
			);
			dependencies = (
				DD6816C7198033D900DF748F /* PBXTargetDependency */,
			);
			name = MySafariTests;
			productName = MySafariTests;
			productReference = DD6816C1198033D900DF748F /* MySafariTests.xctest */;
			productType = "com.apple.product-type.bundle.unit-test";
		};
/* End PBXNativeTarget section */

/* Begin PBXProject section */
		DD681698198033D900DF748F /* Project object */ = {
			isa = PBXProject;
			attributes = {
				LastUpgradeCheck = 0510;
				ORGANIZATIONNAME = "Mobile Makers";
				TargetAttributes = {
					DD6816C0198033D900DF748F = {
						TestTargetID = DD68169F198033D900DF748F;
					};
				};
			};
			buildConfigurationList = DD68169B198033D900DF748F /* Build configuration list for PBXProject "MySafari" */;
			compatibilityVersion = "Xcode 3.2";
			developmentRegion = English;
			hasScannedForEncodings = 0;
			knownRegions = (
				en,
				Base,
			);
			mainGroup = DD681697198033D900DF748F;
			productRefGroup = DD6816A1198033D900DF748F /* Products */;
			projectDirPath = "";
			projectRoot = "";
			targets = (
				DD68169F198033D900DF748F /* MySafari */,
				DD6816C0198033D900DF748F /* MySafariTests */,
			);
		};
/* End PBXProject section */

/* Begin PBXResourcesBuildPhase section */
		DD68169E198033D900DF748F /* Resources */ = {
			isa = PBXResourcesBuildPhase;
			buildActionMask = 2147483647;
			files = (
				DD6816BC198033D900DF748F /* Images.xcassets in Resources */,
				DD6816AE198033D900DF748F /* InfoPlist.strings in Resources */,
				DD6816B7198033D900DF748F /* Main.storyboard in Resources */,
			);
			runOnlyForDeploymentPostprocessing = 0;
		};
		DD6816BF198033D900DF748F /* Resources */ = {
			isa = PBXResourcesBuildPhase;
			buildActionMask = 2147483647;
			files = (
				DD6816CD198033D900DF748F /* InfoPlist.strings in Resources */,
			);
			runOnlyForDeploymentPostprocessing = 0;
		};
/* End PBXResourcesBuildPhase section */

/* Begin PBXSourcesBuildPhase section */
		DD68169C198033D900DF748F /* Sources */ = {
			isa = PBXSourcesBuildPhase;
			buildActionMask = 2147483647;
			files = (
				DD6816BA198033D900DF748F /* ViewController.m in Sources */,
				DD6816B4198033D900DF748F /* AppDelegate.m in Sources */,
				DD6816B0198033D900DF748F /* main.m in Sources */,
			);
			runOnlyForDeploymentPostprocessing = 0;
		};
		DD6816BD198033D900DF748F /* Sources */ = {
			isa = PBXSourcesBuildPhase;
			buildActionMask = 2147483647;
			files = (
				DD6816CF198033D900DF748F /* MySafariTests.m in Sources */,
			);
			runOnlyForDeploymentPostprocessing = 0;
		};
/* End PBXSourcesBuildPhase section */

/* Begin PBXTargetDependency section */
		DD6816C7198033D900DF748F /* PBXTargetDependency */ = {
			isa = PBXTargetDependency;
			target = DD68169F198033D900DF748F /* MySafari */;
			targetProxy = DD6816C6198033D900DF748F /* PBXContainerItemProxy */;
		};
/* End PBXTargetDependency section */

/* Begin PBXVariantGroup section */
		DD6816AC198033D900DF748F /* InfoPlist.strings */ = {
			isa = PBXVariantGroup;
			children = (
				DD6816AD198033D900DF748F /* en */,
			);
			name = InfoPlist.strings;
			sourceTree = "<group>";
		};
		DD6816B5198033D900DF748F /* Main.storyboard */ = {
			isa = PBXVariantGroup;
			children = (
				DD6816B6198033D900DF748F /* Base */,
			);
			name = Main.storyboard;
			sourceTree = "<group>";
		};
		DD6816CB198033D900DF748F /* InfoPlist.strings */ = {
			isa = PBXVariantGroup;
			children = (
				DD6816CC198033D900DF748F /* en */,
			);
			name = InfoPlist.strings;
			sourceTree = "<group>";
		};
/* End PBXVariantGroup section */

/* Begin XCBuildConfiguration section */
		DD6816D0198033D900DF748F /* Debug */ = {
			isa = XCBuildConfiguration;
			buildSettings = {
				ALWAYS_SEARCH_USER_PATHS = NO;
				CLANG_CXX_LANGUAGE_STANDARD = "gnu++0x";
				CLANG_CXX_LIBRARY = "libc++";
				CLANG_ENABLE_MODULES = YES;
				CLANG_ENABLE_OBJC_ARC = YES;
				CLANG_WARN_BOOL_CONVERSION = YES;
				CLANG_WARN_CONSTANT_CONVERSION = YES;
				CLANG_WARN_DIRECT_OBJC_ISA_USAGE = YES_ERROR;
				CLANG_WARN_EMPTY_BODY = YES;
				CLANG_WARN_ENUM_CONVERSION = YES;
				CLANG_WARN_INT_CONVERSION = YES;
				CLANG_WARN_OBJC_ROOT_CLASS = YES_ERROR;
				CLANG_WARN__DUPLICATE_METHOD_MATCH = YES;
				"CODE_SIGN_IDENTITY[sdk=iphoneos*]" = "iPhone Developer";
				COPY_PHASE_STRIP = NO;
				GCC_C_LANGUAGE_STANDARD = gnu99;
				GCC_DYNAMIC_NO_PIC = NO;
				GCC_OPTIMIZATION_LEVEL = 0;
				GCC_PREPROCESSOR_DEFINITIONS = (
					"DEBUG=1",
					"$(inherited)",
				);
				GCC_SYMBOLS_PRIVATE_EXTERN = NO;
				GCC_WARN_64_TO_32_BIT_CONVERSION = YES;
				GCC_WARN_ABOUT_RETURN_TYPE = YES_ERROR;
				GCC_WARN_UNDECLARED_SELECTOR = YES;
				GCC_WARN_UNINITIALIZED_AUTOS = YES_AGGRESSIVE;
				GCC_WARN_UNUSED_FUNCTION = YES;
				GCC_WARN_UNUSED_VARIABLE = YES;
				IPHONEOS_DEPLOYMENT_TARGET = 7.1;
				ONLY_ACTIVE_ARCH = YES;
				SDKROOT = iphoneos;
			};
			name = Debug;
		};
		DD6816D1198033D900DF748F /* Release */ = {
			isa = XCBuildConfiguration;
			buildSettings = {
				ALWAYS_SEARCH_USER_PATHS = NO;
				CLANG_CXX_LANGUAGE_STANDARD = "gnu++0x";
				CLANG_CXX_LIBRARY = "libc++";
				CLANG_ENABLE_MODULES = YES;
				CLANG_ENABLE_OBJC_ARC = YES;
				CLANG_WARN_BOOL_CONVERSION = YES;
				CLANG_WARN_CONSTANT_CONVERSION = YES;
				CLANG_WARN_DIRECT_OBJC_ISA_USAGE = YES_ERROR;
				CLANG_WARN_EMPTY_BODY = YES;
				CLANG_WARN_ENUM_CONVERSION = YES;
				CLANG_WARN_INT_CONVERSION = YES;
				CLANG_WARN_OBJC_ROOT_CLASS = YES_ERROR;
				CLANG_WARN__DUPLICATE_METHOD_MATCH = YES;
				"CODE_SIGN_IDENTITY[sdk=iphoneos*]" = "iPhone Developer";
				COPY_PHASE_STRIP = YES;
				ENABLE_NS_ASSERTIONS = NO;
				GCC_C_LANGUAGE_STANDARD = gnu99;
				GCC_WARN_64_TO_32_BIT_CONVERSION = YES;
				GCC_WARN_ABOUT_RETURN_TYPE = YES_ERROR;
				GCC_WARN_UNDECLARED_SELECTOR = YES;
				GCC_WARN_UNINITIALIZED_AUTOS = YES_AGGRESSIVE;
				GCC_WARN_UNUSED_FUNCTION = YES;
				GCC_WARN_UNUSED_VARIABLE = YES;
				IPHONEOS_DEPLOYMENT_TARGET = 7.1;
				SDKROOT = iphoneos;
				VALIDATE_PRODUCT = YES;
			};
			name = Release;
		};
		DD6816D3198033D900DF748F /* Debug */ = {
			isa = XCBuildConfiguration;
			buildSettings = {
				ASSETCATALOG_COMPILER_APPICON_NAME = AppIcon;
				ASSETCATALOG_COMPILER_LAUNCHIMAGE_NAME = LaunchImage;
				GCC_PRECOMPILE_PREFIX_HEADER = YES;
				GCC_PREFIX_HEADER = "MySafari/MySafari-Prefix.pch";
				INFOPLIST_FILE = "MySafari/MySafari-Info.plist";
				PRODUCT_NAME = "$(TARGET_NAME)";
				WRAPPER_EXTENSION = app;
			};
			name = Debug;
		};
		DD6816D4198033D900DF748F /* Release */ = {
			isa = XCBuildConfiguration;
			buildSettings = {
				ASSETCATALOG_COMPILER_APPICON_NAME = AppIcon;
				ASSETCATALOG_COMPILER_LAUNCHIMAGE_NAME = LaunchImage;
				GCC_PRECOMPILE_PREFIX_HEADER = YES;
				GCC_PREFIX_HEADER = "MySafari/MySafari-Prefix.pch";
				INFOPLIST_FILE = "MySafari/MySafari-Info.plist";
				PRODUCT_NAME = "$(TARGET_NAME)";
				WRAPPER_EXTENSION = app;
			};
			name = Release;
		};
		DD6816D6198033D900DF748F /* Debug */ = {
			isa = XCBuildConfiguration;
			buildSettings = {
				BUNDLE_LOADER = "$(BUILT_PRODUCTS_DIR)/MySafari.app/MySafari";
				FRAMEWORK_SEARCH_PATHS = (
					"$(SDKROOT)/Developer/Library/Frameworks",
					"$(inherited)",
					"$(DEVELOPER_FRAMEWORKS_DIR)",
				);
				GCC_PRECOMPILE_PREFIX_HEADER = YES;
				GCC_PREFIX_HEADER = "MySafari/MySafari-Prefix.pch";
				GCC_PREPROCESSOR_DEFINITIONS = (
					"DEBUG=1",
					"$(inherited)",
				);
				INFOPLIST_FILE = "MySafariTests/MySafariTests-Info.plist";
				PRODUCT_NAME = "$(TARGET_NAME)";
				TEST_HOST = "$(BUNDLE_LOADER)";
				WRAPPER_EXTENSION = xctest;
			};
			name = Debug;
		};
		DD6816D7198033D900DF748F /* Release */ = {
			isa = XCBuildConfiguration;
			buildSettings = {
				BUNDLE_LOADER = "$(BUILT_PRODUCTS_DIR)/MySafari.app/MySafari";
				FRAMEWORK_SEARCH_PATHS = (
					"$(SDKROOT)/Developer/Library/Frameworks",
					"$(inherited)",
					"$(DEVELOPER_FRAMEWORKS_DIR)",
				);
				GCC_PRECOMPILE_PREFIX_HEADER = YES;
				GCC_PREFIX_HEADER = "MySafari/MySafari-Prefix.pch";
				INFOPLIST_FILE = "MySafariTests/MySafariTests-Info.plist";
				PRODUCT_NAME = "$(TARGET_NAME)";
				TEST_HOST = "$(BUNDLE_LOADER)";
				WRAPPER_EXTENSION = xctest;
			};
			name = Release;
		};
/* End XCBuildConfiguration section */

/* Begin XCConfigurationList section */
		DD68169B198033D900DF748F /* Build configuration list for PBXProject "MySafari" */ = {
			isa = XCConfigurationList;
			buildConfigurations = (
				DD6816D0198033D900DF748F /* Debug */,
				DD6816D1198033D900DF748F /* Release */,
			);
			defaultConfigurationIsVisible = 0;
			defaultConfigurationName = Release;
		};
		DD6816D2198033D900DF748F /* Build configuration list for PBXNativeTarget "MySafari" */ = {
			isa = XCConfigurationList;
			buildConfigurations = (
				DD6816D3198033D900DF748F /* Debug */,
				DD6816D4198033D900DF748F /* Release */,
			);
			defaultConfigurationIsVisible = 0;
		};
		DD6816D5198033D900DF748F /* Build configuration list for PBXNativeTarget "MySafariTests" */ = {
			isa = XCConfigurationList;
			buildConfigurations = (
				DD6816D6198033D900DF748F /* Debug */,
				DD6816D7198033D900DF748F /* Release */,
			);
			defaultConfigurationIsVisible = 0;
		};
/* End XCConfigurationList section */
	};
	rootObject = DD681698198033D900DF748F /* Project object */;
}
